{
  "version": 4,
  "terraform_version": "1.5.6",
  "serial": 7,
  "lineage": "31116aed-3d69-42d5-319a-ec56dc77849b",
  "outputs": {},
  "resources": [
    {
      "mode": "managed",
      "type": "local_file",
      "name": "assignment",
      "provider": "provider[\"registry.terraform.io/hashicorp/local\"]",
      "instances": [
        {
          "schema_version": 0,
          "attributes": {
            "content": "String Variable 1: Manish Joshi\n Bool Variable 2: true\n Number Variable 3: 123",
            "content_base64": null,
            "content_base64sha256": "I95Ot9MdwnN2QKiWqKab8NUwguF+u2Tl0oxHdTxVyMw=",
            "content_base64sha512": "M2HSJZ/sbgSEDS8EHHvS6GGPiU6frWOslhCXK60Xsu5PMJOdSKtJXOVgWIDZu0hxZtJ2Oa//2ZBVc/ROqfPtOQ==",
            "content_md5": "32676971f079b23f5863fa9bc9c70956",
            "content_sha1": "f23192b56a01a5c23eb1e52a6e25ee1788b1e665",
            "content_sha256": "23de4eb7d31dc2737640a896a8a69bf0d53082e17ebb64e5d28c47753c55c8cc",
            "content_sha512": "3361d2259fec6e04840d2f041c7bd2e8618f894e9fad63ac9610972bad17b2ee4f30939d48ab495ce5605880d9bb487166d27639afffd9905573f44ea9f3ed39",
            "directory_permission": "0777",
            "file_permission": "0777",
            "filename": "manish.txt",
            "id": "f23192b56a01a5c23eb1e52a6e25ee1788b1e665",
            "sensitive_content": null,
            "source": null
          },
          "sensitive_attributes": []
        }
      ]
    }
  ],
  "check_results": null
}
