{
  "version": 4,
  "terraform_version": "1.5.6",
  "serial": 10,
  "lineage": "31116aed-3d69-42d5-319a-ec56dc77849b",
  "outputs": {},
  "resources": [
    {
      "mode": "managed",
      "type": "local_file",
      "name": "assignment",
      "provider": "provider[\"registry.terraform.io/hashicorp/local\"]",
      "instances": [
        {
          "schema_version": 0,
          "attributes": {
            "content": "String Variable 1: Manish Joshi\nBool Variable 2: true\nNumber Variable 3: 123",
            "content_base64": null,
            "content_base64sha256": "zl8/jFlkF2KUN3h7HzEnpScW/j+xzNz5ItRyDuXz5mw=",
            "content_base64sha512": "sEwpZ9Eu1U5P99f48x0kWGOlPVr1u1O7CMyv48z2w/mRivF8uZ6g/jOzHDzpIY3nlCSZaiH6orparAj6vCgV8Q==",
            "content_md5": "a57e1bc47746c4911c15fb657c3635e0",
            "content_sha1": "6e6398115b58d80556209878d8bd61452df2e423",
            "content_sha256": "ce5f3f8c596417629437787b1f3127a52716fe3fb1ccdcf922d4720ee5f3e66c",
            "content_sha512": "b04c2967d12ed54e4ff7d7f8f31d245863a53d5af5bb53bb08ccafe3ccf6c3f9918af17cb99ea0fe33b31c3ce9218de79424996a21faa2ba5aac08fabc2815f1",
            "directory_permission": "0777",
            "file_permission": "0777",
            "filename": "manish.txt",
            "id": "6e6398115b58d80556209878d8bd61452df2e423",
            "sensitive_content": null,
            "source": null
          },
          "sensitive_attributes": []
        }
      ]
    }
  ],
  "check_results": null
}
